# This file is automatically @generated by Poetry 1.7.0 and should not be changed by hand.

[[package]]
name = "amqp"
version = "5.1.1"
description = "Low-level AMQP client for Python (fork of amqplib)."
optional = false
python-versions = ">=3.6"
files = [
    {file = "amqp-5.1.1-py3-none-any.whl", hash = "sha256:6f0956d2c23d8fa6e7691934d8c3930eadb44972cbbd1a7ae3a520f735d43359"},
    {file = "amqp-5.1.1.tar.gz", hash = "sha256:2c1b13fecc0893e946c65cbd5f36427861cffa4ea2201d8f6fca22e2a373b5e2"},
]

[package.dependencies]
vine = ">=5.0.0"

[[package]]
name = "asgiref"
version = "3.6.0"
description = "ASGI specs, helper code, and adapters"
optional = false
python-versions = ">=3.7"
files = [
    {file = "asgiref-3.6.0-py3-none-any.whl", hash = "sha256:71e68008da809b957b7ee4b43dbccff33d1b23519fb8344e33f049897077afac"},
    {file = "asgiref-3.6.0.tar.gz", hash = "sha256:9567dfe7bd8d3c8c892227827c41cce860b368104c3431da67a0c5a65a949506"},
]

[package.extras]
tests = ["mypy (>=0.800)", "pytest", "pytest-asyncio"]

[[package]]
name = "async-timeout"
version = "4.0.3"
description = "Timeout context manager for asyncio programs"
optional = false
python-versions = ">=3.7"
files = [
    {file = "async-timeout-4.0.3.tar.gz", hash = "sha256:4640d96be84d82d02ed59ea2b7105a0f7b33abe8703703cd0ab0bf87c427522f"},
    {file = "async_timeout-4.0.3-py3-none-any.whl", hash = "sha256:7405140ff1230c310e51dc27b3145b9092d659ce68ff733fb0cefe3ee42be028"},
]

[[package]]
name = "billiard"
version = "3.6.4.0"
description = "Python multiprocessing fork with improvements and bugfixes"
optional = false
python-versions = "*"
files = [
    {file = "billiard-3.6.4.0-py3-none-any.whl", hash = "sha256:87103ea78fa6ab4d5c751c4909bcff74617d985de7fa8b672cf8618afd5a875b"},
    {file = "billiard-3.6.4.0.tar.gz", hash = "sha256:299de5a8da28a783d51b197d496bef4f1595dd023a93a4f59dde1886ae905547"},
]

[[package]]
name = "black"
version = "23.3.0"
description = "The uncompromising code formatter."
optional = false
python-versions = ">=3.7"
files = [
    {file = "black-23.3.0-cp310-cp310-macosx_10_16_arm64.whl", hash = "sha256:0945e13506be58bf7db93ee5853243eb368ace1c08a24c65ce108986eac65915"},
    {file = "black-23.3.0-cp310-cp310-macosx_10_16_universal2.whl", hash = "sha256:67de8d0c209eb5b330cce2469503de11bca4085880d62f1628bd9972cc3366b9"},
    {file = "black-23.3.0-cp310-cp310-macosx_10_16_x86_64.whl", hash = "sha256:7c3eb7cea23904399866c55826b31c1f55bbcd3890ce22ff70466b907b6775c2"},
    {file = "black-23.3.0-cp310-cp310-manylinux_2_17_x86_64.manylinux2014_x86_64.whl", hash = "sha256:32daa9783106c28815d05b724238e30718f34155653d4d6e125dc7daec8e260c"},
    {file = "black-23.3.0-cp310-cp310-win_amd64.whl", hash = "sha256:35d1381d7a22cc5b2be2f72c7dfdae4072a3336060635718cc7e1ede24221d6c"},
    {file = "black-23.3.0-cp311-cp311-macosx_10_16_arm64.whl", hash = "sha256:a8a968125d0a6a404842fa1bf0b349a568634f856aa08ffaff40ae0dfa52e7c6"},
    {file = "black-23.3.0-cp311-cp311-macosx_10_16_universal2.whl", hash = "sha256:c7ab5790333c448903c4b721b59c0d80b11fe5e9803d8703e84dcb8da56fec1b"},
    {file = "black-23.3.0-cp311-cp311-macosx_10_16_x86_64.whl", hash = "sha256:a6f6886c9869d4daae2d1715ce34a19bbc4b95006d20ed785ca00fa03cba312d"},
    {file = "black-23.3.0-cp311-cp311-manylinux_2_17_x86_64.manylinux2014_x86_64.whl", hash = "sha256:6f3c333ea1dd6771b2d3777482429864f8e258899f6ff05826c3a4fcc5ce3f70"},
    {file = "black-23.3.0-cp311-cp311-win_amd64.whl", hash = "sha256:11c410f71b876f961d1de77b9699ad19f939094c3a677323f43d7a29855fe326"},
    {file = "black-23.3.0-cp37-cp37m-macosx_10_16_x86_64.whl", hash = "sha256:1d06691f1eb8de91cd1b322f21e3bfc9efe0c7ca1f0e1eb1db44ea367dff656b"},
    {file = "black-23.3.0-cp37-cp37m-manylinux_2_17_x86_64.manylinux2014_x86_64.whl", hash = "sha256:50cb33cac881766a5cd9913e10ff75b1e8eb71babf4c7104f2e9c52da1fb7de2"},
    {file = "black-23.3.0-cp37-cp37m-win_amd64.whl", hash = "sha256:e114420bf26b90d4b9daa597351337762b63039752bdf72bf361364c1aa05925"},
    {file = "black-23.3.0-cp38-cp38-macosx_10_16_arm64.whl", hash = "sha256:48f9d345675bb7fbc3dd85821b12487e1b9a75242028adad0333ce36ed2a6d27"},
    {file = "black-23.3.0-cp38-cp38-macosx_10_16_universal2.whl", hash = "sha256:714290490c18fb0126baa0fca0a54ee795f7502b44177e1ce7624ba1c00f2331"},
    {file = "black-23.3.0-cp38-cp38-macosx_10_16_x86_64.whl", hash = "sha256:064101748afa12ad2291c2b91c960be28b817c0c7eaa35bec09cc63aa56493c5"},
    {file = "black-23.3.0-cp38-cp38-manylinux_2_17_x86_64.manylinux2014_x86_64.whl", hash = "sha256:562bd3a70495facf56814293149e51aa1be9931567474993c7942ff7d3533961"},
    {file = "black-23.3.0-cp38-cp38-win_amd64.whl", hash = "sha256:e198cf27888ad6f4ff331ca1c48ffc038848ea9f031a3b40ba36aced7e22f2c8"},
    {file = "black-23.3.0-cp39-cp39-macosx_10_16_arm64.whl", hash = "sha256:3238f2aacf827d18d26db07524e44741233ae09a584273aa059066d644ca7b30"},
    {file = "black-23.3.0-cp39-cp39-macosx_10_16_universal2.whl", hash = "sha256:f0bd2f4a58d6666500542b26354978218a9babcdc972722f4bf90779524515f3"},
    {file = "black-23.3.0-cp39-cp39-macosx_10_16_x86_64.whl", hash = "sha256:92c543f6854c28a3c7f39f4d9b7694f9a6eb9d3c5e2ece488c327b6e7ea9b266"},
    {file = "black-23.3.0-cp39-cp39-manylinux_2_17_x86_64.manylinux2014_x86_64.whl", hash = "sha256:3a150542a204124ed00683f0db1f5cf1c2aaaa9cc3495b7a3b5976fb136090ab"},
    {file = "black-23.3.0-cp39-cp39-win_amd64.whl", hash = "sha256:6b39abdfb402002b8a7d030ccc85cf5afff64ee90fa4c5aebc531e3ad0175ddb"},
    {file = "black-23.3.0-py3-none-any.whl", hash = "sha256:ec751418022185b0c1bb7d7736e6933d40bbb14c14a0abcf9123d1b159f98dd4"},
    {file = "black-23.3.0.tar.gz", hash = "sha256:1c7b8d606e728a41ea1ccbd7264677e494e87cf630e399262ced92d4a8dac940"},
]

[package.dependencies]
click = ">=8.0.0"
mypy-extensions = ">=0.4.3"
packaging = ">=22.0"
pathspec = ">=0.9.0"
platformdirs = ">=2"

[package.extras]
colorama = ["colorama (>=0.4.3)"]
d = ["aiohttp (>=3.7.4)"]
jupyter = ["ipython (>=7.8.0)", "tokenize-rt (>=3.2.0)"]
uvloop = ["uvloop (>=0.15.2)"]

[[package]]
name = "boto3"
version = "1.34.76"
description = "The AWS SDK for Python"
optional = false
python-versions = ">=3.8"
files = [
    {file = "boto3-1.34.76-py3-none-any.whl", hash = "sha256:530a4cea3d40a6bd2f15a368ea395beef1ea6dff4491823bc48bd20c7d4da655"},
    {file = "boto3-1.34.76.tar.gz", hash = "sha256:8c598382e8fb61cfa8f75056197e9b509eb52039ebc291af3b1096241ba2542c"},
]

[package.dependencies]
botocore = ">=1.34.76,<1.35.0"
jmespath = ">=0.7.1,<2.0.0"
s3transfer = ">=0.10.0,<0.11.0"

[package.extras]
crt = ["botocore[crt] (>=1.21.0,<2.0a0)"]

[[package]]
name = "botocore"
version = "1.34.76"
description = "Low-level, data-driven core of boto 3."
optional = false
python-versions = ">=3.8"
files = [
    {file = "botocore-1.34.76-py3-none-any.whl", hash = "sha256:62e45e7374844ee39e86a96fe7f5e973eb5bf3469da028b4e3a8caba0909fb1f"},
    {file = "botocore-1.34.76.tar.gz", hash = "sha256:68be44487a95132fccbc0b836fded4190dae30324f6bf822e1b6efd385ffdc83"},
]

[package.dependencies]
jmespath = ">=0.7.1,<2.0.0"
python-dateutil = ">=2.1,<3.0.0"
urllib3 = {version = ">=1.25.4,<2.2.0 || >2.2.0,<3", markers = "python_version >= \"3.10\""}

[package.extras]
crt = ["awscrt (==0.19.19)"]

[[package]]
name = "celery"
version = "5.2.7"
description = "Distributed Task Queue."
optional = false
python-versions = ">=3.7"
files = [
    {file = "celery-5.2.7-py3-none-any.whl", hash = "sha256:138420c020cd58d6707e6257b6beda91fd39af7afde5d36c6334d175302c0e14"},
    {file = "celery-5.2.7.tar.gz", hash = "sha256:fafbd82934d30f8a004f81e8f7a062e31413a23d444be8ee3326553915958c6d"},
]

[package.dependencies]
billiard = ">=3.6.4.0,<4.0"
click = ">=8.0.3,<9.0"
click-didyoumean = ">=0.0.3"
click-plugins = ">=1.1.1"
click-repl = ">=0.2.0"
kombu = ">=5.2.3,<6.0"
pytz = ">=2021.3"
vine = ">=5.0.0,<6.0"

[package.extras]
arangodb = ["pyArango (>=1.3.2)"]
auth = ["cryptography"]
azureblockblob = ["azure-storage-blob (==12.9.0)"]
brotli = ["brotli (>=1.0.0)", "brotlipy (>=0.7.0)"]
cassandra = ["cassandra-driver (<3.21.0)"]
consul = ["python-consul2"]
cosmosdbsql = ["pydocumentdb (==2.3.2)"]
couchbase = ["couchbase (>=3.0.0)"]
couchdb = ["pycouchdb"]
django = ["Django (>=1.11)"]
dynamodb = ["boto3 (>=1.9.178)"]
elasticsearch = ["elasticsearch"]
eventlet = ["eventlet (>=0.32.0)"]
gevent = ["gevent (>=1.5.0)"]
librabbitmq = ["librabbitmq (>=1.5.0)"]
memcache = ["pylibmc"]
mongodb = ["pymongo[srv] (>=3.11.1)"]
msgpack = ["msgpack"]
pymemcache = ["python-memcached"]
pyro = ["pyro4"]
pytest = ["pytest-celery"]
redis = ["redis (>=3.4.1,!=4.0.0,!=4.0.1)"]
s3 = ["boto3 (>=1.9.125)"]
slmq = ["softlayer-messaging (>=1.0.3)"]
solar = ["ephem"]
sqlalchemy = ["sqlalchemy"]
sqs = ["kombu[sqs]"]
tblib = ["tblib (>=1.3.0)", "tblib (>=1.5.0)"]
yaml = ["PyYAML (>=3.10)"]
zookeeper = ["kazoo (>=1.3.1)"]
zstd = ["zstandard"]

[[package]]
name = "click"
version = "8.1.3"
description = "Composable command line interface toolkit"
optional = false
python-versions = ">=3.7"
files = [
    {file = "click-8.1.3-py3-none-any.whl", hash = "sha256:bb4d8133cb15a609f44e8213d9b391b0809795062913b383c62be0ee95b1db48"},
    {file = "click-8.1.3.tar.gz", hash = "sha256:7682dc8afb30297001674575ea00d1814d808d6a36af415a82bd481d37ba7b8e"},
]

[package.dependencies]
colorama = {version = "*", markers = "platform_system == \"Windows\""}

[[package]]
name = "click-didyoumean"
version = "0.3.0"
description = "Enables git-like *did-you-mean* feature in click"
optional = false
python-versions = ">=3.6.2,<4.0.0"
files = [
    {file = "click-didyoumean-0.3.0.tar.gz", hash = "sha256:f184f0d851d96b6d29297354ed981b7dd71df7ff500d82fa6d11f0856bee8035"},
    {file = "click_didyoumean-0.3.0-py3-none-any.whl", hash = "sha256:a0713dc7a1de3f06bc0df5a9567ad19ead2d3d5689b434768a6145bff77c0667"},
]

[package.dependencies]
click = ">=7"

[[package]]
name = "click-plugins"
version = "1.1.1"
description = "An extension module for click to enable registering CLI commands via setuptools entry-points."
optional = false
python-versions = "*"
files = [
    {file = "click-plugins-1.1.1.tar.gz", hash = "sha256:46ab999744a9d831159c3411bb0c79346d94a444df9a3a3742e9ed63645f264b"},
    {file = "click_plugins-1.1.1-py2.py3-none-any.whl", hash = "sha256:5d262006d3222f5057fd81e1623d4443e41dcda5dc815c06b442aa3c02889fc8"},
]

[package.dependencies]
click = ">=4.0"

[package.extras]
dev = ["coveralls", "pytest (>=3.6)", "pytest-cov", "wheel"]

[[package]]
name = "click-repl"
version = "0.2.0"
description = "REPL plugin for Click"
optional = false
python-versions = "*"
files = [
    {file = "click-repl-0.2.0.tar.gz", hash = "sha256:cd12f68d745bf6151210790540b4cb064c7b13e571bc64b6957d98d120dacfd8"},
    {file = "click_repl-0.2.0-py3-none-any.whl", hash = "sha256:94b3fbbc9406a236f176e0506524b2937e4b23b6f4c0c0b2a0a83f8a64e9194b"},
]

[package.dependencies]
click = "*"
prompt-toolkit = "*"
six = "*"

[[package]]
name = "colorama"
version = "0.4.6"
description = "Cross-platform colored terminal text."
optional = false
python-versions = "!=3.0.*,!=3.1.*,!=3.2.*,!=3.3.*,!=3.4.*,!=3.5.*,!=3.6.*,>=2.7"
files = [
    {file = "colorama-0.4.6-py2.py3-none-any.whl", hash = "sha256:4f1d9991f5acc0ca119f9d443620b77f9d6b33703e51011c16baf57afb285fc6"},
    {file = "colorama-0.4.6.tar.gz", hash = "sha256:08695f5cb7ed6e0531a20572697297273c47b8cae5a63ffc6d6ed5c201be6e44"},
]

[[package]]
name = "coverage"
version = "7.2.5"
description = "Code coverage measurement for Python"
optional = false
python-versions = ">=3.7"
files = [
    {file = "coverage-7.2.5-cp310-cp310-macosx_10_9_x86_64.whl", hash = "sha256:883123d0bbe1c136f76b56276074b0c79b5817dd4238097ffa64ac67257f4b6c"},
    {file = "coverage-7.2.5-cp310-cp310-macosx_11_0_arm64.whl", hash = "sha256:d2fbc2a127e857d2f8898aaabcc34c37771bf78a4d5e17d3e1f5c30cd0cbc62a"},
    {file = "coverage-7.2.5-cp310-cp310-manylinux_2_17_aarch64.manylinux2014_aarch64.whl", hash = "sha256:5f3671662dc4b422b15776cdca89c041a6349b4864a43aa2350b6b0b03bbcc7f"},
    {file = "coverage-7.2.5-cp310-cp310-manylinux_2_5_i686.manylinux1_i686.manylinux_2_17_i686.manylinux2014_i686.whl", hash = "sha256:780551e47d62095e088f251f5db428473c26db7829884323e56d9c0c3118791a"},
    {file = "coverage-7.2.5-cp310-cp310-manylinux_2_5_x86_64.manylinux1_x86_64.manylinux_2_17_x86_64.manylinux2014_x86_64.whl", hash = "sha256:066b44897c493e0dcbc9e6a6d9f8bbb6607ef82367cf6810d387c09f0cd4fe9a"},
    {file = "coverage-7.2.5-cp310-cp310-musllinux_1_1_aarch64.whl", hash = "sha256:b9a4ee55174b04f6af539218f9f8083140f61a46eabcaa4234f3c2a452c4ed11"},
    {file = "coverage-7.2.5-cp310-cp310-musllinux_1_1_i686.whl", hash = "sha256:706ec567267c96717ab9363904d846ec009a48d5f832140b6ad08aad3791b1f5"},
    {file = "coverage-7.2.5-cp310-cp310-musllinux_1_1_x86_64.whl", hash = "sha256:ae453f655640157d76209f42c62c64c4d4f2c7f97256d3567e3b439bd5c9b06c"},
    {file = "coverage-7.2.5-cp310-cp310-win32.whl", hash = "sha256:f81c9b4bd8aa747d417407a7f6f0b1469a43b36a85748145e144ac4e8d303cb5"},
    {file = "coverage-7.2.5-cp310-cp310-win_amd64.whl", hash = "sha256:dc945064a8783b86fcce9a0a705abd7db2117d95e340df8a4333f00be5efb64c"},
    {file = "coverage-7.2.5-cp311-cp311-macosx_10_9_x86_64.whl", hash = "sha256:40cc0f91c6cde033da493227797be2826cbf8f388eaa36a0271a97a332bfd7ce"},
    {file = "coverage-7.2.5-cp311-cp311-macosx_11_0_arm64.whl", hash = "sha256:a66e055254a26c82aead7ff420d9fa8dc2da10c82679ea850d8feebf11074d88"},
    {file = "coverage-7.2.5-cp311-cp311-manylinux_2_17_aarch64.manylinux2014_aarch64.whl", hash = "sha256:c10fbc8a64aa0f3ed136b0b086b6b577bc64d67d5581acd7cc129af52654384e"},
    {file = "coverage-7.2.5-cp311-cp311-manylinux_2_5_i686.manylinux1_i686.manylinux_2_17_i686.manylinux2014_i686.whl", hash = "sha256:9a22cbb5ede6fade0482111fa7f01115ff04039795d7092ed0db43522431b4f2"},
    {file = "coverage-7.2.5-cp311-cp311-manylinux_2_5_x86_64.manylinux1_x86_64.manylinux_2_17_x86_64.manylinux2014_x86_64.whl", hash = "sha256:292300f76440651529b8ceec283a9370532f4ecba9ad67d120617021bb5ef139"},
    {file = "coverage-7.2.5-cp311-cp311-musllinux_1_1_aarch64.whl", hash = "sha256:7ff8f3fb38233035028dbc93715551d81eadc110199e14bbbfa01c5c4a43f8d8"},
    {file = "coverage-7.2.5-cp311-cp311-musllinux_1_1_i686.whl", hash = "sha256:a08c7401d0b24e8c2982f4e307124b671c6736d40d1c39e09d7a8687bddf83ed"},
    {file = "coverage-7.2.5-cp311-cp311-musllinux_1_1_x86_64.whl", hash = "sha256:ef9659d1cda9ce9ac9585c045aaa1e59223b143f2407db0eaee0b61a4f266fb6"},
    {file = "coverage-7.2.5-cp311-cp311-win32.whl", hash = "sha256:30dcaf05adfa69c2a7b9f7dfd9f60bc8e36b282d7ed25c308ef9e114de7fc23b"},
    {file = "coverage-7.2.5-cp311-cp311-win_amd64.whl", hash = "sha256:97072cc90f1009386c8a5b7de9d4fc1a9f91ba5ef2146c55c1f005e7b5c5e068"},
    {file = "coverage-7.2.5-cp37-cp37m-macosx_10_9_x86_64.whl", hash = "sha256:bebea5f5ed41f618797ce3ffb4606c64a5de92e9c3f26d26c2e0aae292f015c1"},
    {file = "coverage-7.2.5-cp37-cp37m-manylinux_2_17_aarch64.manylinux2014_aarch64.whl", hash = "sha256:828189fcdda99aae0d6bf718ea766b2e715eabc1868670a0a07bf8404bf58c33"},
    {file = "coverage-7.2.5-cp37-cp37m-manylinux_2_5_i686.manylinux1_i686.manylinux_2_17_i686.manylinux2014_i686.whl", hash = "sha256:6e8a95f243d01ba572341c52f89f3acb98a3b6d1d5d830efba86033dd3687ade"},
    {file = "coverage-7.2.5-cp37-cp37m-manylinux_2_5_x86_64.manylinux1_x86_64.manylinux_2_17_x86_64.manylinux2014_x86_64.whl", hash = "sha256:e8834e5f17d89e05697c3c043d3e58a8b19682bf365048837383abfe39adaed5"},
    {file = "coverage-7.2.5-cp37-cp37m-musllinux_1_1_aarch64.whl", hash = "sha256:d1f25ee9de21a39b3a8516f2c5feb8de248f17da7eead089c2e04aa097936b47"},
    {file = "coverage-7.2.5-cp37-cp37m-musllinux_1_1_i686.whl", hash = "sha256:1637253b11a18f453e34013c665d8bf15904c9e3c44fbda34c643fbdc9d452cd"},
    {file = "coverage-7.2.5-cp37-cp37m-musllinux_1_1_x86_64.whl", hash = "sha256:8e575a59315a91ccd00c7757127f6b2488c2f914096077c745c2f1ba5b8c0969"},
    {file = "coverage-7.2.5-cp37-cp37m-win32.whl", hash = "sha256:509ecd8334c380000d259dc66feb191dd0a93b21f2453faa75f7f9cdcefc0718"},
    {file = "coverage-7.2.5-cp37-cp37m-win_amd64.whl", hash = "sha256:12580845917b1e59f8a1c2ffa6af6d0908cb39220f3019e36c110c943dc875b0"},
    {file = "coverage-7.2.5-cp38-cp38-macosx_10_9_x86_64.whl", hash = "sha256:b5016e331b75310610c2cf955d9f58a9749943ed5f7b8cfc0bb89c6134ab0a84"},
    {file = "coverage-7.2.5-cp38-cp38-macosx_11_0_arm64.whl", hash = "sha256:373ea34dca98f2fdb3e5cb33d83b6d801007a8074f992b80311fc589d3e6b790"},
    {file = "coverage-7.2.5-cp38-cp38-manylinux_2_17_aarch64.manylinux2014_aarch64.whl", hash = "sha256:a063aad9f7b4c9f9da7b2550eae0a582ffc7623dca1c925e50c3fbde7a579771"},
    {file = "coverage-7.2.5-cp38-cp38-manylinux_2_5_i686.manylinux1_i686.manylinux_2_17_i686.manylinux2014_i686.whl", hash = "sha256:38c0a497a000d50491055805313ed83ddba069353d102ece8aef5d11b5faf045"},
    {file = "coverage-7.2.5-cp38-cp38-manylinux_2_5_x86_64.manylinux1_x86_64.manylinux_2_17_x86_64.manylinux2014_x86_64.whl", hash = "sha256:a2b3b05e22a77bb0ae1a3125126a4e08535961c946b62f30985535ed40e26614"},
    {file = "coverage-7.2.5-cp38-cp38-musllinux_1_1_aarch64.whl", hash = "sha256:0342a28617e63ad15d96dca0f7ae9479a37b7d8a295f749c14f3436ea59fdcb3"},
    {file = "coverage-7.2.5-cp38-cp38-musllinux_1_1_i686.whl", hash = "sha256:cf97ed82ca986e5c637ea286ba2793c85325b30f869bf64d3009ccc1a31ae3fd"},
    {file = "coverage-7.2.5-cp38-cp38-musllinux_1_1_x86_64.whl", hash = "sha256:c2c41c1b1866b670573657d584de413df701f482574bad7e28214a2362cb1fd1"},
    {file = "coverage-7.2.5-cp38-cp38-win32.whl", hash = "sha256:10b15394c13544fce02382360cab54e51a9e0fd1bd61ae9ce012c0d1e103c813"},
    {file = "coverage-7.2.5-cp38-cp38-win_amd64.whl", hash = "sha256:a0b273fe6dc655b110e8dc89b8ec7f1a778d78c9fd9b4bda7c384c8906072212"},
    {file = "coverage-7.2.5-cp39-cp39-macosx_10_9_x86_64.whl", hash = "sha256:5c587f52c81211d4530fa6857884d37f514bcf9453bdeee0ff93eaaf906a5c1b"},
    {file = "coverage-7.2.5-cp39-cp39-macosx_11_0_arm64.whl", hash = "sha256:4436cc9ba5414c2c998eaedee5343f49c02ca93b21769c5fdfa4f9d799e84200"},
    {file = "coverage-7.2.5-cp39-cp39-manylinux_2_17_aarch64.manylinux2014_aarch64.whl", hash = "sha256:6599bf92f33ab041e36e06d25890afbdf12078aacfe1f1d08c713906e49a3fe5"},
    {file = "coverage-7.2.5-cp39-cp39-manylinux_2_5_i686.manylinux1_i686.manylinux_2_17_i686.manylinux2014_i686.whl", hash = "sha256:857abe2fa6a4973f8663e039ead8d22215d31db613ace76e4a98f52ec919068e"},
    {file = "coverage-7.2.5-cp39-cp39-manylinux_2_5_x86_64.manylinux1_x86_64.manylinux_2_17_x86_64.manylinux2014_x86_64.whl", hash = "sha256:f6f5cab2d7f0c12f8187a376cc6582c477d2df91d63f75341307fcdcb5d60303"},
    {file = "coverage-7.2.5-cp39-cp39-musllinux_1_1_aarch64.whl", hash = "sha256:aa387bd7489f3e1787ff82068b295bcaafbf6f79c3dad3cbc82ef88ce3f48ad3"},
    {file = "coverage-7.2.5-cp39-cp39-musllinux_1_1_i686.whl", hash = "sha256:156192e5fd3dbbcb11cd777cc469cf010a294f4c736a2b2c891c77618cb1379a"},
    {file = "coverage-7.2.5-cp39-cp39-musllinux_1_1_x86_64.whl", hash = "sha256:bd3b4b8175c1db502adf209d06136c000df4d245105c8839e9d0be71c94aefe1"},
    {file = "coverage-7.2.5-cp39-cp39-win32.whl", hash = "sha256:ddc5a54edb653e9e215f75de377354e2455376f416c4378e1d43b08ec50acc31"},
    {file = "coverage-7.2.5-cp39-cp39-win_amd64.whl", hash = "sha256:338aa9d9883aaaad53695cb14ccdeb36d4060485bb9388446330bef9c361c252"},
    {file = "coverage-7.2.5-pp37.pp38.pp39-none-any.whl", hash = "sha256:8877d9b437b35a85c18e3c6499b23674684bf690f5d96c1006a1ef61f9fdf0f3"},
    {file = "coverage-7.2.5.tar.gz", hash = "sha256:f99ef080288f09ffc687423b8d60978cf3a465d3f404a18d1a05474bd8575a47"},
]

[package.extras]
toml = ["tomli"]

[[package]]
name = "django"
version = "4.2.1"
description = "A high-level Python web framework that encourages rapid development and clean, pragmatic design."
optional = false
python-versions = ">=3.8"
files = [
    {file = "Django-4.2.1-py3-none-any.whl", hash = "sha256:066b6debb5ac335458d2a713ed995570536c8b59a580005acb0732378d5eb1ee"},
    {file = "Django-4.2.1.tar.gz", hash = "sha256:7efa6b1f781a6119a10ac94b4794ded90db8accbe7802281cd26f8664ffed59c"},
]

[package.dependencies]
asgiref = ">=3.6.0,<4"
sqlparse = ">=0.3.1"
tzdata = {version = "*", markers = "sys_platform == \"win32\""}

[package.extras]
argon2 = ["argon2-cffi (>=19.1.0)"]
bcrypt = ["bcrypt"]

[[package]]
name = "django-cors-headers"
version = "3.14.0"
description = "django-cors-headers is a Django application for handling the server headers required for Cross-Origin Resource Sharing (CORS)."
optional = false
python-versions = ">=3.7"
files = [
    {file = "django_cors_headers-3.14.0-py3-none-any.whl", hash = "sha256:684180013cc7277bdd8702b80a3c5a4b3fcae4abb2bf134dceb9f5dfe300228e"},
    {file = "django_cors_headers-3.14.0.tar.gz", hash = "sha256:5fbd58a6fb4119d975754b2bc090f35ec160a8373f276612c675b00e8a138739"},
]

[package.dependencies]
Django = ">=3.2"

[[package]]
name = "django-environ"
version = "0.11.2"
description = "A package that allows you to utilize 12factor inspired environment variables to configure your Django application."
optional = false
python-versions = ">=3.6,<4"
files = [
    {file = "django-environ-0.11.2.tar.gz", hash = "sha256:f32a87aa0899894c27d4e1776fa6b477e8164ed7f6b3e410a62a6d72caaf64be"},
    {file = "django_environ-0.11.2-py2.py3-none-any.whl", hash = "sha256:0ff95ab4344bfeff693836aa978e6840abef2e2f1145adff7735892711590c05"},
]

[package.extras]
develop = ["coverage[toml] (>=5.0a4)", "furo (>=2021.8.17b43,<2021.9.dev0)", "pytest (>=4.6.11)", "sphinx (>=3.5.0)", "sphinx-notfound-page"]
docs = ["furo (>=2021.8.17b43,<2021.9.dev0)", "sphinx (>=3.5.0)", "sphinx-notfound-page"]
testing = ["coverage[toml] (>=5.0a4)", "pytest (>=4.6.11)"]

[[package]]
name = "gunicorn"
version = "20.1.0"
description = "WSGI HTTP Server for UNIX"
optional = false
python-versions = ">=3.5"
files = [
    {file = "gunicorn-20.1.0-py3-none-any.whl", hash = "sha256:9dcc4547dbb1cb284accfb15ab5667a0e5d1881cc443e0677b4882a4067a807e"},
    {file = "gunicorn-20.1.0.tar.gz", hash = "sha256:e0a968b5ba15f8a328fdfd7ab1fcb5af4470c28aaf7e55df02a99bc13138e6e8"},
]

[package.dependencies]
setuptools = ">=3.0"

[package.extras]
eventlet = ["eventlet (>=0.24.1)"]
gevent = ["gevent (>=1.4.0)"]
setproctitle = ["setproctitle"]
tornado = ["tornado (>=0.2)"]

[[package]]
name = "iniconfig"
version = "2.0.0"
description = "brain-dead simple config-ini parsing"
optional = false
python-versions = ">=3.7"
files = [
    {file = "iniconfig-2.0.0-py3-none-any.whl", hash = "sha256:b6a85871a79d2e3b22d2d1b94ac2824226a63c6b741c88f7ae975f18b6778374"},
    {file = "iniconfig-2.0.0.tar.gz", hash = "sha256:2d91e135bf72d31a410b17c16da610a82cb55f6b0477d1a902134b24a455b8b3"},
]

[[package]]
name = "jmespath"
version = "1.0.1"
description = "JSON Matching Expressions"
optional = false
python-versions = ">=3.7"
files = [
    {file = "jmespath-1.0.1-py3-none-any.whl", hash = "sha256:02e2e4cc71b5bcab88332eebf907519190dd9e6e82107fa7f83b1003a6252980"},
    {file = "jmespath-1.0.1.tar.gz", hash = "sha256:90261b206d6defd58fdd5e85f478bf633a2901798906be2ad389150c5c60edbe"},
]

[[package]]
name = "kombu"
version = "5.2.4"
description = "Messaging library for Python."
optional = false
python-versions = ">=3.7"
files = [
    {file = "kombu-5.2.4-py3-none-any.whl", hash = "sha256:8b213b24293d3417bcf0d2f5537b7f756079e3ea232a8386dcc89a59fd2361a4"},
    {file = "kombu-5.2.4.tar.gz", hash = "sha256:37cee3ee725f94ea8bb173eaab7c1760203ea53bbebae226328600f9d2799610"},
]

[package.dependencies]
amqp = ">=5.0.9,<6.0.0"
vine = "*"

[package.extras]
azureservicebus = ["azure-servicebus (>=7.0.0)"]
azurestoragequeues = ["azure-storage-queue"]
consul = ["python-consul (>=0.6.0)"]
librabbitmq = ["librabbitmq (>=2.0.0)"]
mongodb = ["pymongo (>=3.3.0,<3.12.1)"]
msgpack = ["msgpack"]
pyro = ["pyro4"]
qpid = ["qpid-python (>=0.26)", "qpid-tools (>=0.26)"]
redis = ["redis (>=3.4.1,!=4.0.0,!=4.0.1)"]
slmq = ["softlayer-messaging (>=1.0.3)"]
sqlalchemy = ["sqlalchemy"]
sqs = ["boto3 (>=1.9.12)", "pycurl (>=7.44.1,<7.45.0)", "urllib3 (>=1.26.7)"]
yaml = ["PyYAML (>=3.10)"]
zookeeper = ["kazoo (>=1.3.1)"]

[[package]]
name = "mypy-extensions"
version = "1.0.0"
description = "Type system extensions for programs checked with the mypy type checker."
optional = false
python-versions = ">=3.5"
files = [
    {file = "mypy_extensions-1.0.0-py3-none-any.whl", hash = "sha256:4392f6c0eb8a5668a69e23d168ffa70f0be9ccfd32b5cc2d26a34ae5b844552d"},
    {file = "mypy_extensions-1.0.0.tar.gz", hash = "sha256:75dbf8955dc00442a438fc4d0666508a9a97b6bd41aa2f0ffe9d2f2725af0782"},
]

[[package]]
name = "packaging"
version = "24.0"
description = "Core utilities for Python packages"
optional = false
python-versions = ">=3.7"
files = [
    {file = "packaging-24.0-py3-none-any.whl", hash = "sha256:2ddfb553fdf02fb784c234c7ba6ccc288296ceabec964ad2eae3777778130bc5"},
    {file = "packaging-24.0.tar.gz", hash = "sha256:eb82c5e3e56209074766e6885bb04b8c38a0c015d0a30036ebe7ece34c9989e9"},
]

[[package]]
name = "pathspec"
version = "0.12.1"
description = "Utility library for gitignore style pattern matching of file paths."
optional = false
python-versions = ">=3.8"
files = [
    {file = "pathspec-0.12.1-py3-none-any.whl", hash = "sha256:a0d503e138a4c123b27490a4f7beda6a01c6f288df0e4a8b79c7eb0dc7b4cc08"},
    {file = "pathspec-0.12.1.tar.gz", hash = "sha256:a482d51503a1ab33b1c67a6c3813a26953dbdc71c31dacaef9a838c4e29f5712"},
]

[[package]]
name = "platformdirs"
version = "4.2.0"
description = "A small Python package for determining appropriate platform-specific dirs, e.g. a \"user data dir\"."
optional = false
python-versions = ">=3.8"
files = [
    {file = "platformdirs-4.2.0-py3-none-any.whl", hash = "sha256:0614df2a2f37e1a662acbd8e2b25b92ccf8632929bc6d43467e17fe89c75e068"},
    {file = "platformdirs-4.2.0.tar.gz", hash = "sha256:ef0cc731df711022c174543cb70a9b5bd22e5a9337c8624ef2c2ceb8ddad8768"},
]

[package.extras]
docs = ["furo (>=2023.9.10)", "proselint (>=0.13)", "sphinx (>=7.2.6)", "sphinx-autodoc-typehints (>=1.25.2)"]
test = ["appdirs (==1.4.4)", "covdefaults (>=2.3)", "pytest (>=7.4.3)", "pytest-cov (>=4.1)", "pytest-mock (>=3.12)"]

[[package]]
name = "pluggy"
version = "1.4.0"
description = "plugin and hook calling mechanisms for python"
optional = false
python-versions = ">=3.8"
files = [
    {file = "pluggy-1.4.0-py3-none-any.whl", hash = "sha256:7db9f7b503d67d1c5b95f59773ebb58a8c1c288129a88665838012cfb07b8981"},
    {file = "pluggy-1.4.0.tar.gz", hash = "sha256:8c85c2876142a764e5b7548e7d9a0e0ddb46f5185161049a79b7e974454223be"},
]

[package.extras]
dev = ["pre-commit", "tox"]
testing = ["pytest", "pytest-benchmark"]

[[package]]
name = "prompt-toolkit"
version = "3.0.38"
description = "Library for building powerful interactive command lines in Python"
optional = false
python-versions = ">=3.7.0"
files = [
    {file = "prompt_toolkit-3.0.38-py3-none-any.whl", hash = "sha256:45ea77a2f7c60418850331366c81cf6b5b9cf4c7fd34616f733c5427e6abbb1f"},
    {file = "prompt_toolkit-3.0.38.tar.gz", hash = "sha256:23ac5d50538a9a38c8bde05fecb47d0b403ecd0662857a86f886f798563d5b9b"},
]

[package.dependencies]
wcwidth = "*"

[[package]]
name = "psycopg"
version = "3.1.9"
description = "PostgreSQL database adapter for Python"
optional = false
python-versions = ">=3.7"
files = [
    {file = "psycopg-3.1.9-py3-none-any.whl", hash = "sha256:fbbac339274d8733ee70ba9822297af3e8871790a26e967b5ea53e30a4b74dcc"},
    {file = "psycopg-3.1.9.tar.gz", hash = "sha256:ab400f207a8c120bafdd8077916d8f6c0106e809401378708485b016508c30c9"},
]

[package.dependencies]
typing-extensions = ">=4.1"
tzdata = {version = "*", markers = "sys_platform == \"win32\""}

[package.extras]
binary = ["psycopg-binary (==3.1.9)"]
c = ["psycopg-c (==3.1.9)"]
dev = ["black (>=23.1.0)", "dnspython (>=2.1)", "flake8 (>=4.0)", "mypy (>=1.2)", "types-setuptools (>=57.4)", "wheel (>=0.37)"]
docs = ["Sphinx (>=5.0)", "furo (==2022.6.21)", "sphinx-autobuild (>=2021.3.14)", "sphinx-autodoc-typehints (>=1.12)"]
pool = ["psycopg-pool"]
test = ["anyio (>=3.6.2)", "mypy (>=1.2)", "pproxy (>=2.7)", "pytest (>=6.2.5)", "pytest-cov (>=3.0)", "pytest-randomly (>=3.5)"]

[[package]]
name = "pytest"
version = "7.3.1"
description = "pytest: simple powerful testing with Python"
optional = false
python-versions = ">=3.7"
files = [
    {file = "pytest-7.3.1-py3-none-any.whl", hash = "sha256:3799fa815351fea3a5e96ac7e503a96fa51cc9942c3753cda7651b93c1cfa362"},
    {file = "pytest-7.3.1.tar.gz", hash = "sha256:434afafd78b1d78ed0addf160ad2b77a30d35d4bdf8af234fe621919d9ed15e3"},
]

[package.dependencies]
colorama = {version = "*", markers = "sys_platform == \"win32\""}
iniconfig = "*"
packaging = "*"
pluggy = ">=0.12,<2.0"

[package.extras]
testing = ["argcomplete", "attrs (>=19.2.0)", "hypothesis (>=3.56)", "mock", "nose", "pygments (>=2.7.2)", "requests", "xmlschema"]

[[package]]
name = "pytest-django"
version = "4.5.2"
description = "A Django plugin for pytest."
optional = false
python-versions = ">=3.5"
files = [
    {file = "pytest-django-4.5.2.tar.gz", hash = "sha256:d9076f759bb7c36939dbdd5ae6633c18edfc2902d1a69fdbefd2426b970ce6c2"},
    {file = "pytest_django-4.5.2-py3-none-any.whl", hash = "sha256:c60834861933773109334fe5a53e83d1ef4828f2203a1d6a0fa9972f4f75ab3e"},
]

[package.dependencies]
pytest = ">=5.4.0"

[package.extras]
docs = ["sphinx", "sphinx-rtd-theme"]
testing = ["Django", "django-configurations (>=2.0)"]

[[package]]
name = "pytest-sugar"
version = "0.9.7"
description = "pytest-sugar is a plugin for pytest that changes the default look and feel of pytest (e.g. progressbar, show tests that fail instantly)."
optional = false
python-versions = "*"
files = [
    {file = "pytest-sugar-0.9.7.tar.gz", hash = "sha256:f1e74c1abfa55f7241cf7088032b6e378566f16b938f3f08905e2cf4494edd46"},
    {file = "pytest_sugar-0.9.7-py2.py3-none-any.whl", hash = "sha256:8cb5a4e5f8bbcd834622b0235db9e50432f4cbd71fef55b467fe44e43701e062"},
]

[package.dependencies]
packaging = ">=21.3"
pytest = ">=6.2.0"
termcolor = ">=2.1.0"

[package.extras]
dev = ["black", "flake8", "pre-commit"]

[[package]]
name = "python-dateutil"
version = "2.9.0.post0"
description = "Extensions to the standard Python datetime module"
optional = false
python-versions = "!=3.0.*,!=3.1.*,!=3.2.*,>=2.7"
files = [
    {file = "python-dateutil-2.9.0.post0.tar.gz", hash = "sha256:37dd54208da7e1cd875388217d5e00ebd4179249f90fb72437e91a35459a0ad3"},
    {file = "python_dateutil-2.9.0.post0-py2.py3-none-any.whl", hash = "sha256:a8b2bc7bffae282281c8140a97d3aa9c14da0b136dfe83f850eea9a5f7470427"},
]

[package.dependencies]
six = ">=1.5"

[[package]]
name = "pytz"
version = "2023.3"
description = "World timezone definitions, modern and historical"
optional = false
python-versions = "*"
files = [
    {file = "pytz-2023.3-py2.py3-none-any.whl", hash = "sha256:a151b3abb88eda1d4e34a9814df37de2a80e301e68ba0fd856fb9b46bfbbbffb"},
    {file = "pytz-2023.3.tar.gz", hash = "sha256:1d8ce29db189191fb55338ee6d0387d82ab59f3d00eac103412d64e0ebd0c588"},
]

[[package]]
name = "redis"
version = "4.5.5"
description = "Python client for Redis database and key-value store"
optional = false
python-versions = ">=3.7"
files = [
    {file = "redis-4.5.5-py3-none-any.whl", hash = "sha256:77929bc7f5dab9adf3acba2d3bb7d7658f1e0c2f1cafe7eb36434e751c471119"},
    {file = "redis-4.5.5.tar.gz", hash = "sha256:dc87a0bdef6c8bfe1ef1e1c40be7034390c2ae02d92dcd0c7ca1729443899880"},
]

[package.dependencies]
async-timeout = {version = ">=4.0.2", markers = "python_full_version <= \"3.11.2\""}

[package.extras]
hiredis = ["hiredis (>=1.0.0)"]
ocsp = ["cryptography (>=36.0.1)", "pyopenssl (==20.0.1)", "requests (>=2.26.0)"]

[[package]]
name = "ruff"
version = "0.0.265"
description = "An extremely fast Python linter, written in Rust."
optional = false
python-versions = ">=3.7"
files = [
    {file = "ruff-0.0.265-py3-none-macosx_10_7_x86_64.whl", hash = "sha256:30ddfe22de6ce4eb1260408f4480bbbce998f954dbf470228a21a9b2c45955e4"},
    {file = "ruff-0.0.265-py3-none-macosx_10_9_x86_64.macosx_11_0_arm64.macosx_10_9_universal2.whl", hash = "sha256:a11bd0889e88d3342e7bc514554bb4461bf6cc30ec115821c2425cfaac0b1b6a"},
    {file = "ruff-0.0.265-py3-none-manylinux_2_17_aarch64.manylinux2014_aarch64.whl", hash = "sha256:2a9b38bdb40a998cbc677db55b6225a6c4fadcf8819eb30695e1b8470942426b"},
    {file = "ruff-0.0.265-py3-none-manylinux_2_17_armv7l.manylinux2014_armv7l.whl", hash = "sha256:a8b44a245b60512403a6a03a5b5212da274d33862225c5eed3bcf12037eb19bb"},
    {file = "ruff-0.0.265-py3-none-manylinux_2_17_i686.manylinux2014_i686.whl", hash = "sha256:b279fa55ea175ef953208a6d8bfbcdcffac1c39b38cdb8c2bfafe9222add70bb"},
    {file = "ruff-0.0.265-py3-none-manylinux_2_17_ppc64.manylinux2014_ppc64.whl", hash = "sha256:5028950f7af9b119d43d91b215d5044976e43b96a0d1458d193ef0dd3c587bf8"},
    {file = "ruff-0.0.265-py3-none-manylinux_2_17_ppc64le.manylinux2014_ppc64le.whl", hash = "sha256:4057eb539a1d88eb84e9f6a36e0a999e0f261ed850ae5d5817e68968e7b89ed9"},
    {file = "ruff-0.0.265-py3-none-manylinux_2_17_s390x.manylinux2014_s390x.whl", hash = "sha256:d586e69ab5cbf521a1910b733412a5735936f6a610d805b89d35b6647e2a66aa"},
    {file = "ruff-0.0.265-py3-none-manylinux_2_17_x86_64.manylinux2014_x86_64.whl", hash = "sha256:aa17b13cd3f29fc57d06bf34c31f21d043735cc9a681203d634549b0e41047d1"},
    {file = "ruff-0.0.265-py3-none-musllinux_1_2_aarch64.whl", hash = "sha256:9ac13b11d9ad3001de9d637974ec5402a67cefdf9fffc3929ab44c2fcbb850a1"},
    {file = "ruff-0.0.265-py3-none-musllinux_1_2_armv7l.whl", hash = "sha256:62a9578b48cfd292c64ea3d28681dc16b1aa7445b7a7709a2884510fc0822118"},
    {file = "ruff-0.0.265-py3-none-musllinux_1_2_i686.whl", hash = "sha256:d0f9967f84da42d28e3d9d9354cc1575f96ed69e6e40a7d4b780a7a0418d9409"},
    {file = "ruff-0.0.265-py3-none-musllinux_1_2_x86_64.whl", hash = "sha256:1d5a8de2fbaf91ea5699451a06f4074e7a312accfa774ad9327cde3e4fda2081"},
    {file = "ruff-0.0.265-py3-none-win32.whl", hash = "sha256:9e9db5ccb810742d621f93272e3cc23b5f277d8d00c4a79668835d26ccbe48dd"},
    {file = "ruff-0.0.265-py3-none-win_amd64.whl", hash = "sha256:f54facf286103006171a00ce20388d88ed1d6732db3b49c11feb9bf3d46f90e9"},
    {file = "ruff-0.0.265-py3-none-win_arm64.whl", hash = "sha256:c78470656e33d32ddc54e8482b1b0fc6de58f1195586731e5ff1405d74421499"},
    {file = "ruff-0.0.265.tar.gz", hash = "sha256:53c17f0dab19ddc22b254b087d1381b601b155acfa8feed514f0d6a413d0ab3a"},
]

[[package]]
name = "s3transfer"
version = "0.10.1"
description = "An Amazon S3 Transfer Manager"
optional = false
python-versions = ">= 3.8"
files = [
    {file = "s3transfer-0.10.1-py3-none-any.whl", hash = "sha256:ceb252b11bcf87080fb7850a224fb6e05c8a776bab8f2b64b7f25b969464839d"},
    {file = "s3transfer-0.10.1.tar.gz", hash = "sha256:5683916b4c724f799e600f41dd9e10a9ff19871bf87623cc8f491cb4f5fa0a19"},
]

[package.dependencies]
botocore = ">=1.33.2,<2.0a.0"

[package.extras]
crt = ["botocore[crt] (>=1.33.2,<2.0a.0)"]

[[package]]
name = "setuptools"
version = "69.2.0"
description = "Easily download, build, install, upgrade, and uninstall Python packages"
optional = false
python-versions = ">=3.8"
files = [
    {file = "setuptools-69.2.0-py3-none-any.whl", hash = "sha256:c21c49fb1042386df081cb5d86759792ab89efca84cf114889191cd09aacc80c"},
    {file = "setuptools-69.2.0.tar.gz", hash = "sha256:0ff4183f8f42cd8fa3acea16c45205521a4ef28f73c6391d8a25e92893134f2e"},
]

[package.extras]
docs = ["furo", "jaraco.packaging (>=9.3)", "jaraco.tidelift (>=1.4)", "pygments-github-lexers (==0.0.5)", "rst.linker (>=1.9)", "sphinx (<7.2.5)", "sphinx (>=3.5)", "sphinx-favicon", "sphinx-inline-tabs", "sphinx-lint", "sphinx-notfound-page (>=1,<2)", "sphinx-reredirects", "sphinxcontrib-towncrier"]
testing = ["build[virtualenv]", "filelock (>=3.4.0)", "importlib-metadata", "ini2toml[lite] (>=0.9)", "jaraco.develop (>=7.21)", "jaraco.envs (>=2.2)", "jaraco.path (>=3.2.0)", "mypy (==1.9)", "packaging (>=23.2)", "pip (>=19.1)", "pytest (>=6)", "pytest-checkdocs (>=2.4)", "pytest-cov", "pytest-enabler (>=2.2)", "pytest-home (>=0.5)", "pytest-mypy (>=0.9.1)", "pytest-perf", "pytest-ruff (>=0.2.1)", "pytest-timeout", "pytest-xdist (>=3)", "tomli", "tomli-w (>=1.0.0)", "virtualenv (>=13.0.0)", "wheel"]
testing-integration = ["build[virtualenv] (>=1.0.3)", "filelock (>=3.4.0)", "jaraco.envs (>=2.2)", "jaraco.path (>=3.2.0)", "packaging (>=23.2)", "pytest", "pytest-enabler", "pytest-xdist", "tomli", "virtualenv (>=13.0.0)", "wheel"]

[[package]]
name = "six"
version = "1.16.0"
description = "Python 2 and 3 compatibility utilities"
optional = false
python-versions = ">=2.7, !=3.0.*, !=3.1.*, !=3.2.*"
files = [
    {file = "six-1.16.0-py2.py3-none-any.whl", hash = "sha256:8abb2f1d86890a2dfb989f9a77cfcfd3e47c2a354b01111771326f8aa26e0254"},
    {file = "six-1.16.0.tar.gz", hash = "sha256:1e61c37477a1626458e36f7b1d82aa5c9b094fa4802892072e49de9c60c4c926"},
]

[[package]]
name = "sqlparse"
version = "0.4.4"
description = "A non-validating SQL parser."
optional = false
python-versions = ">=3.5"
files = [
    {file = "sqlparse-0.4.4-py3-none-any.whl", hash = "sha256:5430a4fe2ac7d0f93e66f1efc6e1338a41884b7ddf2a350cedd20ccc4d9d28f3"},
    {file = "sqlparse-0.4.4.tar.gz", hash = "sha256:d446183e84b8349fa3061f0fe7f06ca94ba65b426946ffebe6e3e8295332420c"},
]

[package.extras]
dev = ["build", "flake8"]
doc = ["sphinx"]
test = ["pytest", "pytest-cov"]

[[package]]
name = "termcolor"
version = "2.4.0"
description = "ANSI color formatting for output in terminal"
optional = false
python-versions = ">=3.8"
files = [
    {file = "termcolor-2.4.0-py3-none-any.whl", hash = "sha256:9297c0df9c99445c2412e832e882a7884038a25617c60cea2ad69488d4040d63"},
    {file = "termcolor-2.4.0.tar.gz", hash = "sha256:aab9e56047c8ac41ed798fa36d892a37aca6b3e9159f3e0c24bc64a9b3ac7b7a"},
]

[package.extras]
tests = ["pytest", "pytest-cov"]

[[package]]
name = "typing-extensions"
version = "4.5.0"
description = "Backported and Experimental Type Hints for Python 3.7+"
optional = false
python-versions = ">=3.7"
files = [
    {file = "typing_extensions-4.5.0-py3-none-any.whl", hash = "sha256:fb33085c39dd998ac16d1431ebc293a8b3eedd00fd4a32de0ff79002c19511b4"},
    {file = "typing_extensions-4.5.0.tar.gz", hash = "sha256:5cb5f4a79139d699607b3ef622a1dedafa84e115ab0024e0d9c044a9479ca7cb"},
]

[[package]]
name = "tzdata"
version = "2024.1"
description = "Provider of IANA time zone data"
optional = false
python-versions = ">=2"
files = [
    {file = "tzdata-2024.1-py2.py3-none-any.whl", hash = "sha256:9068bc196136463f5245e51efda838afa15aaeca9903f49050dfa2679db4d252"},
    {file = "tzdata-2024.1.tar.gz", hash = "sha256:2674120f8d891909751c38abcdfd386ac0a5a1127954fbc332af6b5ceae07efd"},
]

[[package]]
name = "urllib3"
version = "2.2.1"
description = "HTTP library with thread-safe connection pooling, file post, and more."
optional = false
python-versions = ">=3.8"
files = [
    {file = "urllib3-2.2.1-py3-none-any.whl", hash = "sha256:450b20ec296a467077128bff42b73080516e71b56ff59a60a02bef2232c4fa9d"},
    {file = "urllib3-2.2.1.tar.gz", hash = "sha256:d0570876c61ab9e520d776c38acbbb5b05a776d3f9ff98a5c8fd5162a444cf19"},
]

[package.extras]
brotli = ["brotli (>=1.0.9)", "brotlicffi (>=0.8.0)"]
h2 = ["h2 (>=4,<5)"]
socks = ["pysocks (>=1.5.6,!=1.5.7,<2.0)"]
zstd = ["zstandard (>=0.18.0)"]

[[package]]
name = "vine"
version = "5.0.0"
description = "Promises, promises, promises."
optional = false
python-versions = ">=3.6"
files = [
    {file = "vine-5.0.0-py2.py3-none-any.whl", hash = "sha256:4c9dceab6f76ed92105027c49c823800dd33cacce13bdedc5b914e3514b7fb30"},
    {file = "vine-5.0.0.tar.gz", hash = "sha256:7d3b1624a953da82ef63462013bbd271d3eb75751489f9807598e8f340bd637e"},
]

[[package]]
name = "wcwidth"
version = "0.2.6"
description = "Measures the displayed width of unicode strings in a terminal"
optional = false
python-versions = "*"
files = [
    {file = "wcwidth-0.2.6-py2.py3-none-any.whl", hash = "sha256:795b138f6875577cd91bba52baf9e445cd5118fd32723b460e30a0af30ea230e"},
    {file = "wcwidth-0.2.6.tar.gz", hash = "sha256:a5220780a404dbe3353789870978e472cfe477761f06ee55077256e509b156d0"},
]

[[package]]
name = "whitenoise"
version = "6.4.0"
description = "Radically simplified static file serving for WSGI applications"
optional = false
python-versions = ">=3.7"
files = [
    {file = "whitenoise-6.4.0-py3-none-any.whl", hash = "sha256:599dc6ca57e48929dfeffb2e8e187879bfe2aed0d49ca419577005b7f2cc930b"},
    {file = "whitenoise-6.4.0.tar.gz", hash = "sha256:a02d6660ad161ff17e3042653c8e3f5ecbb2a2481a006bde125b9efb9a30113a"},
]

[package.extras]
brotli = ["Brotli"]

[metadata]
lock-version = "2.0"
python-versions = "^3.11"
content-hash = "28ed9990bfcca0ba50ae89e061556f056a47e949bcc84be66af8f894c2f6eb2a"
